
Microsoft Visual Studio Solution File, Format Version 12.00
# Visual Studio Version 17
VisualStudioVersion = 17.4.33213.308
MinimumVisualStudioVersion = 10.0.40219.1
Project("{FAE04EC0-301F-11D3-BF4B-00C04F79EFBC}") = "ModalGR_Emprestimo", "ModalGR_Emprestimo\ModalGR_Emprestimo.csproj", "{84FFDEC1-B73C-46CB-8148-8F5A573A50C7}"
EndProject
Global
	GlobalSection(SolutionConfigurationPlatforms) = preSolution
		Debug|Any CPU = Debug|Any CPU
		Release|Any CPU = Release|Any CPU
	EndGlobalSection
	GlobalSection(ProjectConfigurationPlatforms) = postSolution
		{84FFDEC1-B73C-46CB-8148-8F5A573A50C7}.Debug|Any CPU.ActiveCfg = Debug|Any CPU
		{84FFDEC1-B73C-46CB-8148-8F5A573A50C7}.Debug|Any CPU.Build.0 = Debug|Any CPU
		{84FFDEC1-B73C-46CB-8148-8F5A573A50C7}.Release|Any CPU.ActiveCfg = Release|Any CPU
		{84FFDEC1-B73C-46CB-8148-8F5A573A50C7}.Release|Any CPU.Build.0 = Release|Any CPU
	EndGlobalSection
	GlobalSection(SolutionProperties) = preSolution
		HideSolutionNode = FALSE
	EndGlobalSection
	GlobalSection(ExtensibilityGlobals) = postSolution
		SolutionGuid = {6BBB1E6F-8600-4B3B-BE81-334B717B1FCB}
	EndGlobalSection
EndGlobal
